{
    "name": "@tmshv/swarm",
    "version": "0.1.0",
    "lockfileVersion": 1,
    "requires": true,
    "dependencies": {
        "@icons/material": {
            "version": "0.2.4",
            "resolved": "https://registry.npmjs.org/@icons/material/-/material-0.2.4.tgz",
            "integrity": "sha512-QPcGmICAPbGLGb6F/yNf/KzKqvFx8z5qx3D1yFqVAjoFmXK35EgyW+cJ57Te3CNsmzblwtzakLGFqHPqrfb4Tw=="
        },
        "@next/env": {
            "version": "12.1.0",
            "resolved": "https://registry.npmjs.org/@next/env/-/env-12.1.0.tgz",
            "integrity": "sha512-nrIgY6t17FQ9xxwH3jj0a6EOiQ/WDHUos35Hghtr+SWN/ntHIQ7UpuvSi0vaLzZVHQWaDupKI+liO5vANcDeTQ=="
        },
        "@next/swc-android-arm64": {
            "version": "12.1.0",
            "resolved": "https://registry.npmjs.org/@next/swc-android-arm64/-/swc-android-arm64-12.1.0.tgz",
            "integrity": "sha512-/280MLdZe0W03stA69iL+v6I+J1ascrQ6FrXBlXGCsGzrfMaGr7fskMa0T5AhQIVQD4nA/46QQWxG//DYuFBcA==",
            "optional": true
        },
        "@next/swc-darwin-arm64": {
            "version": "12.1.0",
            "resolved": "https://registry.npmjs.org/@next/swc-darwin-arm64/-/swc-darwin-arm64-12.1.0.tgz",
            "integrity": "sha512-R8vcXE2/iONJ1Unf5Ptqjk6LRW3bggH+8drNkkzH4FLEQkHtELhvcmJwkXcuipyQCsIakldAXhRbZmm3YN1vXg==",
            "optional": true
        },
        "@next/swc-darwin-x64": {
            "version": "12.1.0",
            "resolved": "https://registry.npmjs.org/@next/swc-darwin-x64/-/swc-darwin-x64-12.1.0.tgz",
            "integrity": "sha512-ieAz0/J0PhmbZBB8+EA/JGdhRHBogF8BWaeqR7hwveb6SYEIJaDNQy0I+ZN8gF8hLj63bEDxJAs/cEhdnTq+ug==",
            "optional": true
        },
        "@next/swc-linux-arm-gnueabihf": {
            "version": "12.1.0",
            "resolved": "https://registry.npmjs.org/@next/swc-linux-arm-gnueabihf/-/swc-linux-arm-gnueabihf-12.1.0.tgz",
            "integrity": "sha512-njUd9hpl6o6A5d08dC0cKAgXKCzm5fFtgGe6i0eko8IAdtAPbtHxtpre3VeSxdZvuGFh+hb0REySQP9T1ttkog==",
            "optional": true
        },
        "@next/swc-linux-arm64-gnu": {
            "version": "12.1.0",
            "resolved": "https://registry.npmjs.org/@next/swc-linux-arm64-gnu/-/swc-linux-arm64-gnu-12.1.0.tgz",
            "integrity": "sha512-OqangJLkRxVxMhDtcb7Qn1xjzFA3s50EIxY7mljbSCLybU+sByPaWAHY4px97ieOlr2y4S0xdPKkQ3BCAwyo6Q==",
            "optional": true
        },
        "@next/swc-linux-arm64-musl": {
            "version": "12.1.0",
            "resolved": "https://registry.npmjs.org/@next/swc-linux-arm64-musl/-/swc-linux-arm64-musl-12.1.0.tgz",
            "integrity": "sha512-hB8cLSt4GdmOpcwRe2UzI5UWn6HHO/vLkr5OTuNvCJ5xGDwpPXelVkYW/0+C3g5axbDW2Tym4S+MQCkkH9QfWA==",
            "optional": true
        },
        "@next/swc-linux-x64-gnu": {
            "version": "12.1.0",
            "resolved": "https://registry.npmjs.org/@next/swc-linux-x64-gnu/-/swc-linux-x64-gnu-12.1.0.tgz",
            "integrity": "sha512-OKO4R/digvrVuweSw/uBM4nSdyzsBV5EwkUeeG4KVpkIZEe64ZwRpnFB65bC6hGwxIBnTv5NMSnJ+0K/WmG78A==",
            "optional": true
        },
        "@next/swc-linux-x64-musl": {
            "version": "12.1.0",
            "resolved": "https://registry.npmjs.org/@next/swc-linux-x64-musl/-/swc-linux-x64-musl-12.1.0.tgz",
            "integrity": "sha512-JohhgAHZvOD3rQY7tlp7NlmvtvYHBYgY0x5ZCecUT6eCCcl9lv6iV3nfu82ErkxNk1H893fqH0FUpznZ/H3pSw==",
            "optional": true
        },
        "@next/swc-win32-arm64-msvc": {
            "version": "12.1.0",
            "resolved": "https://registry.npmjs.org/@next/swc-win32-arm64-msvc/-/swc-win32-arm64-msvc-12.1.0.tgz",
            "integrity": "sha512-T/3gIE6QEfKIJ4dmJk75v9hhNiYZhQYAoYm4iVo1TgcsuaKLFa+zMPh4056AHiG6n9tn2UQ1CFE8EoybEsqsSw==",
            "optional": true
        },
        "@next/swc-win32-ia32-msvc": {
            "version": "12.1.0",
            "resolved": "https://registry.npmjs.org/@next/swc-win32-ia32-msvc/-/swc-win32-ia32-msvc-12.1.0.tgz",
            "integrity": "sha512-iwnKgHJdqhIW19H9PRPM9j55V6RdcOo6rX+5imx832BCWzkDbyomWnlzBfr6ByUYfhohb8QuH4hSGEikpPqI0Q==",
            "optional": true
        },
        "@next/swc-win32-x64-msvc": {
            "version": "12.1.0",
            "resolved": "https://registry.npmjs.org/@next/swc-win32-x64-msvc/-/swc-win32-x64-msvc-12.1.0.tgz",
            "integrity": "sha512-aBvcbMwuanDH4EMrL2TthNJy+4nP59Bimn8egqv6GHMVj0a44cU6Au4PjOhLNqEh9l+IpRGBqMTzec94UdC5xg==",
            "optional": true
        },
        "@types/node": {
            "version": "13.9.1",
            "resolved": "https://registry.npmjs.org/@types/node/-/node-13.9.1.tgz",
            "integrity": "sha512-E6M6N0blf/jiZx8Q3nb0vNaswQeEyn0XlupO+xN6DtJ6r6IT4nXrTry7zhIfYvFCl3/8Cu6WIysmUBKiqV0bqQ==",
            "dev": true
        },
        "@types/prop-types": {
            "version": "15.7.3",
            "resolved": "https://registry.npmjs.org/@types/prop-types/-/prop-types-15.7.3.tgz",
            "integrity": "sha512-KfRL3PuHmqQLOG+2tGpRO26Ctg+Cq1E01D2DMriKEATHgWLfeNDmq9e29Q9WIky0dQ3NPkd1mzYH8Lm936Z9qw==",
            "dev": true
        },
        "@types/react": {
            "version": "16.9.23",
            "resolved": "https://registry.npmjs.org/@types/react/-/react-16.9.23.tgz",
            "integrity": "sha512-SsGVT4E7L2wLN3tPYLiF20hmZTPGuzaayVunfgXzUn1x4uHVsKH6QDJQ/TdpHqwsTLd4CwrmQ2vOgxN7gE24gw==",
            "dev": true,
            "requires": {
                "@types/prop-types": "*",
                "csstype": "^2.2.0"
            }
        },
        "asap": {
            "version": "2.0.6",
            "resolved": "https://registry.npmjs.org/asap/-/asap-2.0.6.tgz",
            "integrity": "sha1-5QNHYR1+aQlDIIu9r+vLwvuGbUY="
        },
        "babel-runtime": {
            "version": "6.26.0",
            "resolved": "https://registry.npmjs.org/babel-runtime/-/babel-runtime-6.26.0.tgz",
            "integrity": "sha1-llxwWGaOgrVde/4E/yM3vItWR/4=",
            "requires": {
                "core-js": "^2.4.0",
                "regenerator-runtime": "^0.11.0"
            },
            "dependencies": {
                "regenerator-runtime": {
                    "version": "0.11.1",
                    "resolved": "https://registry.npmjs.org/regenerator-runtime/-/regenerator-runtime-0.11.1.tgz",
                    "integrity": "sha512-MguG95oij0fC3QV3URf4V2SDYGJhJnJGqvIIgdECeODCT98wSWDAJ94SSuVpYQUoTcGUIL6L4yNB7j1DFFHSBg=="
                }
            }
        },
        "caniuse-lite": {
            "version": "1.0.30001334",
            "resolved": "https://registry.npmjs.org/caniuse-lite/-/caniuse-lite-1.0.30001334.tgz",
            "integrity": "sha512-kbaCEBRRVSoeNs74sCuq92MJyGrMtjWVfhltoHUCW4t4pXFvGjUBrfo47weBRViHkiV3eBYyIsfl956NtHGazw=="
        },
        "chance": {
            "version": "1.1.4",
            "resolved": "https://registry.npmjs.org/chance/-/chance-1.1.4.tgz",
            "integrity": "sha512-pXPDSu3knKlb6H7ahQfpq//J9mSOxYK8SMtp8MV/nRJh8aLRDIl0ipLH8At8+nVogVwtvPZzyIzY/EbcY/cLuQ=="
        },
        "change-emitter": {
            "version": "0.1.6",
            "resolved": "https://registry.npmjs.org/change-emitter/-/change-emitter-0.1.6.tgz",
            "integrity": "sha1-6LL+PX8at9aaMhma/5HqaTFAlRU="
        },
        "clsx": {
            "version": "1.1.1",
            "resolved": "https://registry.npmjs.org/clsx/-/clsx-1.1.1.tgz",
            "integrity": "sha512-6/bPho624p3S2pMyvP5kKBPXnI3ufHLObBFCfgx+LkeR5lg2XYy2hqZqUf45ypD8COn2bhgGJSUE+l5dhNBieA=="
        },
        "core-decorators": {
            "version": "0.20.0",
            "resolved": "https://registry.npmjs.org/core-decorators/-/core-decorators-0.20.0.tgz",
            "integrity": "sha1-YFiWYkBTr4wo775zXCWjAaYcZcU="
        },
        "core-js": {
            "version": "2.6.11",
            "resolved": "https://registry.npmjs.org/core-js/-/core-js-2.6.11.tgz",
            "integrity": "sha512-5wjnpaT/3dV+XB4borEsnAYQchn00XSgTAWKDkEqv+K8KevjbzmofK6hfJ9TZIlpj2N0xQpazy7PiRQiWHqzWg=="
        },
        "csstype": {
            "version": "2.6.9",
            "resolved": "https://registry.npmjs.org/csstype/-/csstype-2.6.9.tgz",
            "integrity": "sha512-xz39Sb4+OaTsULgUERcCk+TJj8ylkL4aSVDQiX/ksxbELSqwkgt4d4RD7fovIdgJGSuNYqwZEiVjYY5l0ask+Q==",
            "dev": true
        },
        "encoding": {
            "version": "0.1.12",
            "resolved": "https://registry.npmjs.org/encoding/-/encoding-0.1.12.tgz",
            "integrity": "sha1-U4tm8+5izRq1HsMjgp0flIDHS+s=",
            "requires": {
                "iconv-lite": "~0.4.13"
            }
        },
        "fbjs": {
            "version": "0.8.17",
            "resolved": "https://registry.npmjs.org/fbjs/-/fbjs-0.8.17.tgz",
            "integrity": "sha1-xNWY6taUkRJlPWWIsBpc3Nn5D90=",
            "requires": {
                "core-js": "^1.0.0",
                "isomorphic-fetch": "^2.1.1",
                "loose-envify": "^1.0.0",
                "object-assign": "^4.1.0",
                "promise": "^7.1.1",
                "setimmediate": "^1.0.5",
                "ua-parser-js": "^0.7.18"
            },
            "dependencies": {
                "core-js": {
                    "version": "1.2.7",
                    "resolved": "https://registry.npmjs.org/core-js/-/core-js-1.2.7.tgz",
                    "integrity": "sha1-ZSKUwUZR2yj6k70tX/KYOk8IxjY="
                },
                "promise": {
                    "version": "7.3.1",
                    "resolved": "https://registry.npmjs.org/promise/-/promise-7.3.1.tgz",
                    "integrity": "sha512-nolQXZ/4L+bP/UGlkfaIujX9BKxGwmQ9OT4mOt5yvy8iK1h3wqTEJCijzGANTCCl9nWjY41juyAn2K3Q1hLLTg==",
                    "requires": {
                        "asap": "~2.0.3"
                    }
                }
            }
        },
        "hoist-non-react-statics": {
            "version": "2.5.5",
            "resolved": "https://registry.npmjs.org/hoist-non-react-statics/-/hoist-non-react-statics-2.5.5.tgz",
            "integrity": "sha512-rqcy4pJo55FTTLWt+bU8ukscqHeE/e9KWvsOW2b/a3afxQZhwkQdT1rPPCJ0rYXdj4vNcasY8zHTH+jF/qStxw=="
        },
        "iconv-lite": {
            "version": "0.4.24",
            "resolved": "https://registry.npmjs.org/iconv-lite/-/iconv-lite-0.4.24.tgz",
            "integrity": "sha512-v3MXnZAcvnywkTUEZomIActle7RXXeedOR31wwl7VlyoXO4Qi9arvSenNQWne1TcRwhCL1HwLI21bEqdpj8/rA==",
            "requires": {
                "safer-buffer": ">= 2.1.2 < 3"
            }
        },
        "is-stream": {
            "version": "1.1.0",
            "resolved": "https://registry.npmjs.org/is-stream/-/is-stream-1.1.0.tgz",
            "integrity": "sha1-EtSj3U5o4Lec6428hBc66A2RykQ="
        },
        "isomorphic-fetch": {
            "version": "2.2.1",
            "resolved": "https://registry.npmjs.org/isomorphic-fetch/-/isomorphic-fetch-2.2.1.tgz",
            "integrity": "sha1-YRrhrPFPXoH3KVB0coGf6XM1WKk=",
            "requires": {
                "node-fetch": "^1.0.1",
                "whatwg-fetch": ">=0.10.0"
            },
            "dependencies": {
                "node-fetch": {
                    "version": "1.7.3",
                    "resolved": "https://registry.npmjs.org/node-fetch/-/node-fetch-1.7.3.tgz",
                    "integrity": "sha512-NhZ4CsKx7cYm2vSrBAr2PvFOe6sWDf0UYLRqA6svUYg7+/TSfVAu49jYC4BvQ4Sms9SZgdqGBgroqfDhJdTyKQ==",
                    "requires": {
                        "encoding": "^0.1.11",
                        "is-stream": "^1.0.1"
                    }
                }
            }
        },
        "js-tokens": {
            "version": "4.0.0",
            "resolved": "https://registry.npmjs.org/js-tokens/-/js-tokens-4.0.0.tgz",
            "integrity": "sha512-RdJUflcE3cUzKiMqQgsCu06FPu9UdIJO0beYbPhHN4k6apgJtifcoCtT9bcxOpYBtpD2kCM6Sbzg4CausW/PKQ=="
        },
        "lodash": {
            "version": "4.17.21",
            "resolved": "https://registry.npmjs.org/lodash/-/lodash-4.17.21.tgz",
            "integrity": "sha512-v2kDEe57lecTulaDIuNTPy3Ry4gLGJ6Z1O3vE1krgXZNrsQ+LFTGHVxVjcXPs17LhbZVGedAJv8XZ1tvj5FvSg=="
        },
        "lodash.clamp": {
            "version": "4.0.3",
            "resolved": "https://registry.npmjs.org/lodash.clamp/-/lodash.clamp-4.0.3.tgz",
            "integrity": "sha1-XCS+3u7vB1NWDcK0y0Zx+Qpt36o="
        },
        "lodash.clonedeep": {
            "version": "4.5.0",
            "resolved": "https://registry.npmjs.org/lodash.clonedeep/-/lodash.clonedeep-4.5.0.tgz",
            "integrity": "sha1-4j8/nE+Pvd6HJSnBBxhXoIblzO8="
        },
        "lodash.isfinite": {
            "version": "3.3.2",
            "resolved": "https://registry.npmjs.org/lodash.isfinite/-/lodash.isfinite-3.3.2.tgz",
            "integrity": "sha1-+4m2WpqAKBgz8LdHizpRBPiY67M="
        },
        "lodash.isstring": {
            "version": "4.0.1",
            "resolved": "https://registry.npmjs.org/lodash.isstring/-/lodash.isstring-4.0.1.tgz",
            "integrity": "sha1-1SfftUVuynzJu5XV2ur4i6VKVFE="
        },
        "lodash.isundefined": {
            "version": "3.0.1",
            "resolved": "https://registry.npmjs.org/lodash.isundefined/-/lodash.isundefined-3.0.1.tgz",
            "integrity": "sha1-I+89lTVWUgOmbO/VuDD4SJEa+0g="
        },
        "lodash.result": {
            "version": "4.5.2",
            "resolved": "https://registry.npmjs.org/lodash.result/-/lodash.result-4.5.2.tgz",
            "integrity": "sha1-y0Wyf7kU6qjY7m8M57KHC4fLcKo="
        },
        "lodash.set": {
            "version": "4.3.2",
            "resolved": "https://registry.npmjs.org/lodash.set/-/lodash.set-4.3.2.tgz",
            "integrity": "sha1-2HV7HagH3eJIFrDWqEvqGnYjCyM="
        },
        "loose-envify": {
            "version": "1.4.0",
            "resolved": "https://registry.npmjs.org/loose-envify/-/loose-envify-1.4.0.tgz",
            "integrity": "sha512-lyuxPGr/Wfhrlem2CL/UcnUc1zcqKAImBDzukY7Y5F/yQiNdko6+fRLevlw1HgMySw7f611UIY408EtxRSoK3Q==",
            "requires": {
                "js-tokens": "^3.0.0 || ^4.0.0"
            }
        },
        "material-colors": {
            "version": "1.2.6",
            "resolved": "https://registry.npmjs.org/material-colors/-/material-colors-1.2.6.tgz",
            "integrity": "sha512-6qE4B9deFBIa9YSpOc9O0Sgc43zTeVYbgDT5veRKSlB2+ZuHNoVVxA1L/ckMUayV9Ay9y7Z/SZCLcGteW9i7bg=="
        },
        "nanoid": {
            "version": "3.3.3",
            "resolved": "https://registry.npmjs.org/nanoid/-/nanoid-3.3.3.tgz",
            "integrity": "sha512-p1sjXuopFs0xg+fPASzQ28agW1oHD7xDsd9Xkf3T15H3c/cifrFHVwrh74PdoklAPi+i7MdRsE47vm2r6JoB+w=="
        },
        "next": {
            "version": "12.1.0",
            "resolved": "https://registry.npmjs.org/next/-/next-12.1.0.tgz",
            "integrity": "sha512-s885kWvnIlxsUFHq9UGyIyLiuD0G3BUC/xrH0CEnH5lHEWkwQcHOORgbDF0hbrW9vr/7am4ETfX4A7M6DjrE7Q==",
            "requires": {
                "@next/env": "12.1.0",
                "@next/swc-android-arm64": "12.1.0",
                "@next/swc-darwin-arm64": "12.1.0",
                "@next/swc-darwin-x64": "12.1.0",
                "@next/swc-linux-arm-gnueabihf": "12.1.0",
                "@next/swc-linux-arm64-gnu": "12.1.0",
                "@next/swc-linux-arm64-musl": "12.1.0",
                "@next/swc-linux-x64-gnu": "12.1.0",
                "@next/swc-linux-x64-musl": "12.1.0",
                "@next/swc-win32-arm64-msvc": "12.1.0",
                "@next/swc-win32-ia32-msvc": "12.1.0",
                "@next/swc-win32-x64-msvc": "12.1.0",
                "caniuse-lite": "^1.0.30001283",
                "postcss": "8.4.5",
                "styled-jsx": "5.0.0",
                "use-subscription": "1.5.1"
            }
        },
        "object-assign": {
            "version": "4.1.1",
            "resolved": "https://registry.npmjs.org/object-assign/-/object-assign-4.1.1.tgz",
            "integrity": "sha1-IQmtx5ZYh8/AXLvUQsrIv7s2CGM="
        },
        "picocolors": {
            "version": "1.0.0",
            "resolved": "https://registry.npmjs.org/picocolors/-/picocolors-1.0.0.tgz",
            "integrity": "sha512-1fygroTLlHu66zi26VoTDv8yRgm0Fccecssto+MhsZ0D/DGW2sm8E8AjW7NU5VVTRt5GxbeZ5qBuJr+HyLYkjQ=="
        },
        "postcss": {
            "version": "8.4.5",
            "resolved": "https://registry.npmjs.org/postcss/-/postcss-8.4.5.tgz",
            "integrity": "sha512-jBDboWM8qpaqwkMwItqTQTiFikhs/67OYVvblFFTM7MrZjt6yMKd6r2kgXizEbTTljacm4NldIlZnhbjr84QYg==",
            "requires": {
                "nanoid": "^3.1.30",
                "picocolors": "^1.0.0",
                "source-map-js": "^1.0.1"
            }
        },
        "prop-types": {
            "version": "15.7.2",
            "resolved": "https://registry.npmjs.org/prop-types/-/prop-types-15.7.2.tgz",
            "integrity": "sha512-8QQikdH7//R2vurIJSutZ1smHYTcLpRWEOlHnzcWHmBYrOGUysKwSsrC89BCiFj3CbrfJ/nXFdJepOVrY1GCHQ==",
            "requires": {
                "loose-envify": "^1.4.0",
                "object-assign": "^4.1.1",
                "react-is": "^16.8.1"
            }
        },
        "react": {
            "version": "16.13.0",
            "resolved": "https://registry.npmjs.org/react/-/react-16.13.0.tgz",
            "integrity": "sha512-TSavZz2iSLkq5/oiE7gnFzmURKZMltmi193rm5HEoUDAXpzT9Kzw6oNZnGoai/4+fUnm7FqS5dwgUL34TujcWQ==",
            "requires": {
                "loose-envify": "^1.1.0",
                "object-assign": "^4.1.1",
                "prop-types": "^15.6.2"
            }
        },
        "react-color": {
            "version": "2.18.0",
            "resolved": "https://registry.npmjs.org/react-color/-/react-color-2.18.0.tgz",
            "integrity": "sha512-FyVeU1kQiSokWc8NPz22azl1ezLpJdUyTbWL0LPUpcuuYDrZ/Y1veOk9rRK5B3pMlyDGvTk4f4KJhlkIQNRjEA==",
            "requires": {
                "@icons/material": "^0.2.4",
                "lodash": "^4.17.11",
                "material-colors": "^1.2.1",
                "prop-types": "^15.5.10",
                "reactcss": "^1.2.0",
                "tinycolor2": "^1.4.1"
            }
        },
        "react-dat-gui": {
            "version": "3.0.0",
            "resolved": "https://registry.npmjs.org/react-dat-gui/-/react-dat-gui-3.0.0.tgz",
            "integrity": "sha512-O8d9yJMDeqHhLEl6FBwr3aAbPR7pVE8c0OlVCxXUu4TuKRNVFVdk7TS4zuir6F2vHx749ToA/j6RQE5y5iaLEg==",
            "requires": {
                "classnames": "2.2.5",
                "lodash.clamp": "^4.0.2",
                "lodash.clonedeep": "^4.3.2",
                "lodash.isfinite": "^3.3.1",
                "lodash.isstring": "^4.0.1",
                "lodash.isundefined": "^3.0.1",
                "lodash.result": "^4.4.0",
                "lodash.set": "^4.2.0",
                "react-color": "^2.13.8"
            },
            "dependencies": {
                "classnames": {
                    "version": "2.2.5",
                    "resolved": "https://registry.npmjs.org/classnames/-/classnames-2.2.5.tgz",
                    "integrity": "sha1-+zgB1FNGdknvNgPH1hoCvRKb3m0="
                }
            }
        },
        "react-dom": {
            "version": "16.13.0",
            "resolved": "https://registry.npmjs.org/react-dom/-/react-dom-16.13.0.tgz",
            "integrity": "sha512-y09d2c4cG220DzdlFkPTnVvGTszVvNpC73v+AaLGLHbkpy3SSgvYq8x0rNwPJ/Rk/CicTNgk0hbHNw1gMEZAXg==",
            "requires": {
                "loose-envify": "^1.1.0",
                "object-assign": "^4.1.1",
                "prop-types": "^15.6.2",
                "scheduler": "^0.19.0"
            }
        },
        "react-is": {
            "version": "16.8.6",
            "resolved": "https://registry.npmjs.org/react-is/-/react-is-16.8.6.tgz",
            "integrity": "sha512-aUk3bHfZ2bRSVFFbbeVS4i+lNPZr3/WM5jT2J5omUVV1zzcs1nAaf3l51ctA5FFvCRbhrH0bdAsRRQddFJZPtA=="
        },
        "react-lifecycles-compat": {
            "version": "3.0.4",
            "resolved": "https://registry.npmjs.org/react-lifecycles-compat/-/react-lifecycles-compat-3.0.4.tgz",
            "integrity": "sha512-fBASbA6LnOU9dOU2eW7aQ8xmYBSXUIWr+UmF9b1efZBazGNO+rcXT/icdKnYm2pTwcRylVUYwW7H1PHfLekVzA=="
        },
        "reactcss": {
            "version": "1.2.3",
            "resolved": "https://registry.npmjs.org/reactcss/-/reactcss-1.2.3.tgz",
            "integrity": "sha512-KiwVUcFu1RErkI97ywr8nvx8dNOpT03rbnma0SSalTYjkrPYaEajR4a/MRt6DZ46K6arDRbWMNHF+xH7G7n/8A==",
            "requires": {
                "lodash": "^4.0.1"
            }
        },
        "recompose": {
            "version": "0.27.1",
            "resolved": "https://registry.npmjs.org/recompose/-/recompose-0.27.1.tgz",
            "integrity": "sha512-p7xsyi/rfNjHfdP7vPU02uSFa+Q1eHhjKrvO+3+kRP4Ortj+MxEmpmd+UQtBGM2D2iNAjzNI5rCyBKp9Ob5McA==",
            "requires": {
                "babel-runtime": "^6.26.0",
                "change-emitter": "^0.1.2",
                "fbjs": "^0.8.1",
                "hoist-non-react-statics": "^2.3.1",
                "react-lifecycles-compat": "^3.0.2",
                "symbol-observable": "^1.0.4"
            }
        },
        "safer-buffer": {
            "version": "2.1.2",
            "resolved": "https://registry.npmjs.org/safer-buffer/-/safer-buffer-2.1.2.tgz",
            "integrity": "sha512-YZo3K82SD7Riyi0E1EQPojLz7kpepnSQI9IyPbHHg1XXXevb5dJI7tpyN2ADxGcQbHG7vcyRHk0cbwqcQriUtg=="
        },
        "scheduler": {
            "version": "0.19.0",
            "resolved": "https://registry.npmjs.org/scheduler/-/scheduler-0.19.0.tgz",
            "integrity": "sha512-xowbVaTPe9r7y7RUejcK73/j8tt2jfiyTednOvHbA8JoClvMYCp+r8QegLwK/n8zWQAtZb1fFnER4XLBZXrCxA==",
            "requires": {
                "loose-envify": "^1.1.0",
                "object-assign": "^4.1.1"
            }
        },
        "setimmediate": {
            "version": "1.0.5",
            "resolved": "https://registry.npmjs.org/setimmediate/-/setimmediate-1.0.5.tgz",
            "integrity": "sha1-KQy7Iy4waULX1+qbg3Mqt4VvgoU="
        },
        "source-map-js": {
            "version": "1.0.2",
            "resolved": "https://registry.npmjs.org/source-map-js/-/source-map-js-1.0.2.tgz",
            "integrity": "sha512-R0XvVJ9WusLiqTCEiGCmICCMplcCkIwwR11mOSD9CR5u+IXYdiseeEuXCVAjS54zqwkLcPNnmU4OeJ6tUrWhDw=="
        },
        "styled-jsx": {
            "version": "5.0.0",
            "resolved": "https://registry.npmjs.org/styled-jsx/-/styled-jsx-5.0.0.tgz",
            "integrity": "sha512-qUqsWoBquEdERe10EW8vLp3jT25s/ssG1/qX5gZ4wu15OZpmSMFI2v+fWlRhLfykA5rFtlJ1ME8A8pm/peV4WA=="
        },
        "symbol-observable": {
            "version": "1.2.0",
            "resolved": "https://registry.npmjs.org/symbol-observable/-/symbol-observable-1.2.0.tgz",
            "integrity": "sha512-e900nM8RRtGhlV36KGEU9k65K3mPb1WV70OdjfxlG2EAuM1noi/E/BaW/uMhL7bPEssK8QV57vN3esixjUvcXQ=="
        },
        "tinycolor2": {
            "version": "1.4.1",
            "resolved": "https://registry.npmjs.org/tinycolor2/-/tinycolor2-1.4.1.tgz",
            "integrity": "sha1-9PrTM0R7wLB9TcjpIJ2POaisd+g="
        },
        "transformation-matrix-js": {
            "version": "2.7.6",
            "resolved": "https://registry.npmjs.org/transformation-matrix-js/-/transformation-matrix-js-2.7.6.tgz",
            "integrity": "sha512-1CxDIZmCQ3vA0GGnkdMQqxUXVm3xXAFmglPYRS1hr37LzSg22TC7QAWOT38OmdUvMEs/rqcnkFoAsqvzdiluDg=="
        },
        "typescript": {
            "version": "4.0.2",
            "resolved": "https://registry.npmjs.org/typescript/-/typescript-4.0.2.tgz",
            "integrity": "sha512-e4ERvRV2wb+rRZ/IQeb3jm2VxBsirQLpQhdxplZ2MEzGvDkkMmPglecnNDfSUBivMjP93vRbngYYDQqQ/78bcQ==",
            "dev": true
        },
        "ua-parser-js": {
            "version": "0.7.33",
            "resolved": "https://registry.npmjs.org/ua-parser-js/-/ua-parser-js-0.7.33.tgz",
            "integrity": "sha512-s8ax/CeZdK9R/56Sui0WM6y9OFREJarMRHqLB2EwkovemBxNQ+Bqu8GAsUnVcXKgphb++ghr/B2BZx4mahujPw=="
        },
        "use-subscription": {
            "version": "1.5.1",
            "resolved": "https://registry.npmjs.org/use-subscription/-/use-subscription-1.5.1.tgz",
            "integrity": "sha512-Xv2a1P/yReAjAbhylMfFplFKj9GssgTwN7RlcTxBujFQcloStWNDQdc4g4NRWH9xS4i/FDk04vQBptAXoF3VcA==",
            "requires": {
                "object-assign": "^4.1.1"
            }
        },
        "whatwg-fetch": {
            "version": "3.0.0",
            "resolved": "https://registry.npmjs.org/whatwg-fetch/-/whatwg-fetch-3.0.0.tgz",
            "integrity": "sha512-9GSJUgz1D4MfyKU7KRqwOjXCXTqWdFNvEr7eUBYchQiVc744mqK/MzXPNR2WsPkmkOa4ywfg8C2n8h+13Bey1Q=="
        }
    }
}
